
Microsoft Visual Studio Solution File, Format Version 12.00
# Visual Studio Version 17
VisualStudioVersion = 17.13.35931.197 d17.13
MinimumVisualStudioVersion = 10.0.40219.1
Project("{FAE04EC0-301F-11D3-BF4B-00C04F79EFBC}") = "rgbencryptor", "rgbencryptor.csproj", "{EC36A7EF-C9D8-DC2C-A14E-F014C8F95042}"
EndProject
Global
	GlobalSection(SolutionConfigurationPlatforms) = preSolution
		Debug|Any CPU = Debug|Any CPU
		Release|Any CPU = Release|Any CPU
	EndGlobalSection
	GlobalSection(ProjectConfigurationPlatforms) = postSolution
		{EC36A7EF-C9D8-DC2C-A14E-F014C8F95042}.Debug|Any CPU.ActiveCfg = Debug|Any CPU
		{EC36A7EF-C9D8-DC2C-A14E-F014C8F95042}.Debug|Any CPU.Build.0 = Debug|Any CPU
		{EC36A7EF-C9D8-DC2C-A14E-F014C8F95042}.Release|Any CPU.ActiveCfg = Release|Any CPU
		{EC36A7EF-C9D8-DC2C-A14E-F014C8F95042}.Release|Any CPU.Build.0 = Release|Any CPU
	EndGlobalSection
	GlobalSection(SolutionProperties) = preSolution
		HideSolutionNode = FALSE
	EndGlobalSection
	GlobalSection(ExtensibilityGlobals) = postSolution
		SolutionGuid = {44E3E823-5514-4889-AB5C-98C66C5859A5}
	EndGlobalSection
EndGlobal
